Microsoft Visual Studio Solution File, Format Version 12.00
# Visual Studio Version 16
VisualStudioVersion = 16.0.29613.14
MinimumVisualStudioVersion = 10.0.40219.1
Project("{9A19103F-16F7-4668-BE54-9A1E7A4F7556}") = "BootcapProject.WebService", "BootcapProject.WebService\BootcapProject.WebService.csproj", "{A560EFAA-9326-4325-93D9-96828669D3A4}"
EndProject
Project("{FAE04EC0-301F-11D3-BF4B-00C04F79EFBC}") = "BootcapProjectTests", "BootcapProjectTests\BootcapProjectTests.csproj", "{157E24FF-DE92-45CF-A51C-D5C011B422D9}"
EndProject
Global
	GlobalSection(SolutionConfigurationPlatforms) = preSolution
		Debug|Any CPU = Debug|Any CPU
		Release|Any CPU = Release|Any CPU
	EndGlobalSection
	GlobalSection(ProjectConfigurationPlatforms) = postSolution
		{A560EFAA-9326-4325-93D9-96828669D3A4}.Debug|Any CPU.ActiveCfg = Debug|Any CPU
		{A560EFAA-9326-4325-93D9-96828669D3A4}.Debug|Any CPU.Build.0 = Debug|Any CPU
		{A560EFAA-9326-4325-93D9-96828669D3A4}.Release|Any CPU.ActiveCfg = Release|Any CPU
		{A560EFAA-9326-4325-93D9-96828669D3A4}.Release|Any CPU.Build.0 = Release|Any CPU
		{157E24FF-DE92-45CF-A51C-D5C011B422D9}.Debug|Any CPU.ActiveCfg = Debug|Any CPU
		{157E24FF-DE92-45CF-A51C-D5C011B422D9}.Debug|Any CPU.Build.0 = Debug|Any CPU
		{157E24FF-DE92-45CF-A51C-D5C011B422D9}.Release|Any CPU.ActiveCfg = Release|Any CPU
		{157E24FF-DE92-45CF-A51C-D5C011B422D9}.Release|Any CPU.Build.0 = Release|Any CPU
	EndGlobalSection
	GlobalSection(SolutionProperties) = preSolution
		HideSolutionNode = FALSE
	EndGlobalSection
	GlobalSection(ExtensibilityGlobals) = postSolution
		SolutionGuid = {060AFE4E-17EC-4683-BBEB-C66BAC81EFAE}
	EndGlobalSection
EndGlobal
